
Microsoft Visual Studio Solution File, Format Version 12.00
# Visual Studio Version 17
VisualStudioVersion = 17.1.32104.313
MinimumVisualStudioVersion = 10.0.40219.1
Project("{9A19103F-16F7-4668-BE54-9A1E7A4F7556}") = "TestFrame", "TestFrame\TestFrame.csproj", "{73AB9FD1-6CAF-4412-9481-26B98DDCB573}"
EndProject
Global
	GlobalSection(SolutionConfigurationPlatforms) = preSolution
		Debug|Any CPU = Debug|Any CPU
		Release|Any CPU = Release|Any CPU
	EndGlobalSection
	GlobalSection(ProjectConfigurationPlatforms) = postSolution
		{73AB9FD1-6CAF-4412-9481-26B98DDCB573}.Debug|Any CPU.ActiveCfg = Debug|Any CPU
		{73AB9FD1-6CAF-4412-9481-26B98DDCB573}.Debug|Any CPU.Build.0 = Debug|Any CPU
		{73AB9FD1-6CAF-4412-9481-26B98DDCB573}.Release|Any CPU.ActiveCfg = Release|Any CPU
		{73AB9FD1-6CAF-4412-9481-26B98DDCB573}.Release|Any CPU.Build.0 = Release|Any CPU
	EndGlobalSection
	GlobalSection(SolutionProperties) = preSolution
		HideSolutionNode = FALSE
	EndGlobalSection
	GlobalSection(ExtensibilityGlobals) = postSolution
		SolutionGuid = {EF1B47D3-4DEB-4FA8-96A1-F107BA230201}
	EndGlobalSection
EndGlobal
